
Microsoft Visual Studio Solution File, Format Version 12.00
# Visual Studio Version 16
VisualStudioVersion = 16.0.31729.503
MinimumVisualStudioVersion = 10.0.40219.1
Project("{FAE04EC0-301F-11D3-BF4B-00C04F79EFBC}") = "Captcha", "Captcha\Captcha.csproj", "{66FA9246-39A3-4DED-907B-9A10B3792587}"
EndProject
Global
	GlobalSection(SolutionConfigurationPlatforms) = preSolution
		Debug|Any CPU = Debug|Any CPU
		Release|Any CPU = Release|Any CPU
	EndGlobalSection
	GlobalSection(ProjectConfigurationPlatforms) = postSolution
		{66FA9246-39A3-4DED-907B-9A10B3792587}.Debug|Any CPU.ActiveCfg = Debug|Any CPU
		{66FA9246-39A3-4DED-907B-9A10B3792587}.Debug|Any CPU.Build.0 = Debug|Any CPU
		{66FA9246-39A3-4DED-907B-9A10B3792587}.Release|Any CPU.ActiveCfg = Release|Any CPU
		{66FA9246-39A3-4DED-907B-9A10B3792587}.Release|Any CPU.Build.0 = Release|Any CPU
	EndGlobalSection
	GlobalSection(SolutionProperties) = preSolution
		HideSolutionNode = FALSE
	EndGlobalSection
	GlobalSection(ExtensibilityGlobals) = postSolution
		SolutionGuid = {0A69671D-3972-46A2-B46B-A66DE4A30DE3}
	EndGlobalSection
EndGlobal
